
Microsoft Visual Studio Solution File, Format Version 12.00
# Visual Studio Version 17
VisualStudioVersion = 17.14.36811.4 d17.14
MinimumVisualStudioVersion = 10.0.40219.1
Project("{FAE04EC0-301F-11D3-BF4B-00C04F79EFBC}") = "FS_Bookstore", "FS_Bookstore.csproj", "{DB6F7D80-6401-41BC-88EC-061C9CB36EFD}"
EndProject
Global
	GlobalSection(SolutionConfigurationPlatforms) = preSolution
		Debug|Any CPU = Debug|Any CPU
		Release|Any CPU = Release|Any CPU
	EndGlobalSection
	GlobalSection(ProjectConfigurationPlatforms) = postSolution
		{DB6F7D80-6401-41BC-88EC-061C9CB36EFD}.Debug|Any CPU.ActiveCfg = Debug|Any CPU
		{DB6F7D80-6401-41BC-88EC-061C9CB36EFD}.Debug|Any CPU.Build.0 = Debug|Any CPU
		{DB6F7D80-6401-41BC-88EC-061C9CB36EFD}.Release|Any CPU.ActiveCfg = Release|Any CPU
		{DB6F7D80-6401-41BC-88EC-061C9CB36EFD}.Release|Any CPU.Build.0 = Release|Any CPU
	EndGlobalSection
	GlobalSection(SolutionProperties) = preSolution
		HideSolutionNode = FALSE
	EndGlobalSection
	GlobalSection(ExtensibilityGlobals) = postSolution
		SolutionGuid = {378831DC-19C5-44BF-B375-C2AD7C0E535E}
	EndGlobalSection
EndGlobal
